schema: '2.0'
stages:
  seed:
    cmd: python mlops_rakuten/pipelines/data_seeding.py
    deps:
    - path: data/raw/product_categories.csv
      hash: md5
      md5: 1623c8de2d17e200fc3fa76ebebbbc4e
      size: 631
    - path: data/raw/rakuten/X_train_update.csv
      hash: md5
      md5: c936389910c88bb29bf2c438af3476df
      size: 54129120
    - path: data/raw/rakuten/Y_train_CVw08PX.csv
      hash: md5
      md5: 52d45c998ddc0c10f05987bb233ff5e7
      size: 906705
    - path: mlops_rakuten/config/config.yml
      hash: md5
      md5: 85d4df6b2c00e6a114415230c06c702b
      size: 3145
    - path: mlops_rakuten/main.py
      hash: md5
      md5: 633977e4fcdf08d26b6e5868916613b6
      size: 5191
    - path: mlops_rakuten/modules/data_seeding.py
      hash: md5
      md5: d0be90a9f9b08f7e597d26d35666a67e
      size: 4772
    - path: mlops_rakuten/pipelines/data_seeding.py
      hash: md5
      md5: b83b06f5a56b60966d627d3f5e6bf0db
      size: 871
    params:
      mlops_rakuten/config/config.yml:
        data_seeding:
          x_train_filename: X_train_update.csv
          y_train_filename: Y_train_CVw08PX.csv
          output_full_dataset_filename: rakuten_dataset_full.csv
          output_remainder_dataset_filename: rakuten_dataset_remainder.csv
          output_dataset_filename: rakuten_train.csv
          text_column: designation
          target_column: prdtypecode
          batch_size: 1000
          n_batches: 10
    outs:
    - path: data/raw/rakuten/seeds/rakuten_batch_0001.csv
      hash: md5
      md5: e6c9cfef46850233ebcf781f4a9e1af8
      size: 78518
    - path: data/raw/rakuten/seeds/rakuten_batch_0002.csv
      hash: md5
      md5: d08c2ae328a72d2a481b613799256990
      size: 79245
    - path: data/raw/rakuten/seeds/rakuten_batch_0003.csv
      hash: md5
      md5: 23b564024a8bab4e332d50f983d08510
      size: 75698
    - path: data/raw/rakuten/seeds/rakuten_batch_0004.csv
      hash: md5
      md5: 5eb6441456e0ecfbcc1b34da2f3c363d
      size: 78282
    - path: data/raw/rakuten/seeds/rakuten_batch_0005.csv
      hash: md5
      md5: 10773f44a0d5bb7d54ee58b681c704d6
      size: 76362
    - path: data/raw/rakuten/seeds/rakuten_batch_0006.csv
      hash: md5
      md5: 64f6233bfdd6e55d6ccfd971b3ca1f6b
      size: 76963
    - path: data/raw/rakuten/seeds/rakuten_batch_0007.csv
      hash: md5
      md5: 318a076594c76f3de9f3d82cab129f9d
      size: 78236
    - path: data/raw/rakuten/seeds/rakuten_batch_0008.csv
      hash: md5
      md5: 118c64aa32e399f7cc8d3379f2c38c77
      size: 78615
    - path: data/raw/rakuten/seeds/rakuten_batch_0009.csv
      hash: md5
      md5: f60c5223494b30474ec888e733d86b2c
      size: 78503
    - path: data/raw/rakuten/seeds/rakuten_batch_0010.csv
      hash: md5
      md5: d7eaba592f4595001f89681d8fe3d5cb
      size: 79210
    - path: data/raw/rakuten/seeds/rakuten_dataset_full.csv
      hash: md5
      md5: e8ee50889f16cb234a2fbb684e2f3560
      size: 6562076
    - path: data/raw/rakuten/seeds/rakuten_dataset_remainder.csv
      hash: md5
      md5: dfcb929e3862f855714af8cd33be8ae2
      size: 5782684
  preprocess:
    cmd: python mlops_rakuten/pipelines/data_preprocessing.py
    deps:
    - path: data/interim/rakuten_train.csv
      hash: md5
      md5: d0cf9cfff5394238d5cf3687cd5a3754
      size: 5683557
    - path: mlops_rakuten/config/config.yml
      hash: md5
      md5: 85d4df6b2c00e6a114415230c06c702b
      size: 3145
    - path: mlops_rakuten/modules/data_preprocessing.py
      hash: md5
      md5: 57bae23ba3a9d95584d2f34f705f0661
      size: 4525
    - path: mlops_rakuten/pipelines/data_preprocessing.py
      hash: md5
      md5: ffd2b489d24706e6e375452b30759452
      size: 946
    params:
      mlops_rakuten/config/config.yml:
        data_preprocessing:
          input_dataset_filename: rakuten_train.csv
          output_dataset_filename: preprocessed_dataset.csv
          text_column: designation
          target_column: prdtypecode
          drop_na_text: true
          drop_na_target: true
          drop_duplicates: true
          min_char_length: 10
          max_char_length: 200
          min_alpha_ratio: 0.2
    outs:
    - path: data/interim/preprocessed_dataset.csv
      hash: md5
      md5: 763abe4ff313ab7e05c6ed3ff2dfbd46
      size: 5481739
  transform:
    cmd: python mlops_rakuten/pipelines/data_transformation.py
    deps:
    - path: data/interim/preprocessed_dataset.csv
      hash: md5
      md5: 6b9e4589892a9a4049401b62efa53c00
      size: 5410533
    - path: mlops_rakuten/config/config.yml
      hash: md5
      md5: 85d4df6b2c00e6a114415230c06c702b
      size: 3145
    - path: mlops_rakuten/modules/data_transformation.py
      hash: md5
      md5: 53d729422f7ba86b1405f706853d4910
      size: 5220
    - path: mlops_rakuten/pipelines/data_transformation.py
      hash: md5
      md5: 466277e28b413fed75f8f6c5b800686b
      size: 1052
    params:
      mlops_rakuten/config/config.yml:
        data_transformation:
          input_dataset_filename: preprocessed_dataset.csv
          text_column: designation
          target_column: prdtypecode
          test_size: 0.2
          random_state: 42
          stratify: true
          max_features: 20000
          ngram_min: 1
          ngram_max: 2
          lowercase: true
          stop_words: english
          label_encoder_filename: label_encoder.pkl
          class_mapping_filename: class_mapping.json
          vectorizer_filename: tfidf_vectorizer.pkl
          X_train_filename: X_train_tfidf.npz
          X_val_filename: X_val_tfidf.npz
          y_train_filename: y_train.npy
          y_val_filename: y_val.npy
    outs:
    - path: data/processed/X_train_tfidf.npz
      hash: md5
      md5: de03c9871110e1ae3d316337cefe4c7b
      size: 5760459
    - path: data/processed/X_val_tfidf.npz
      hash: md5
      md5: a5c063cfd5e4997f3a063ad154bdde55
      size: 1386772
    - path: data/processed/class_mapping.json
      hash: md5
      md5: 1e3fc6fa70ee1316c3a22acbd76af9d3
      size: 362
    - path: data/processed/label_encoder.pkl
      hash: md5
      md5: 6405eda07d7dd577989d8493c3155016
      size: 458
    - path: data/processed/tfidf_vectorizer.pkl
      hash: md5
      md5: 3ea35cd9c44a49f8fe19fc78e93de7df
      size: 778079
    - path: data/processed/y_train.npy
      hash: md5
      md5: 955c8bcec549d7d6a62de8384b69b374
      size: 461448
    - path: data/processed/y_val.npy
      hash: md5
      md5: 6c266f9ac58b2e5e929406c296276f3d
      size: 115464
  train:
    cmd: python mlops_rakuten/pipelines/model_trainer.py
    deps:
    - path: data/processed/X_train_tfidf.npz
      hash: md5
      md5: de03c9871110e1ae3d316337cefe4c7b
      size: 5760459
    - path: data/processed/y_train.npy
      hash: md5
      md5: 955c8bcec549d7d6a62de8384b69b374
      size: 461448
    - path: mlops_rakuten/config/config.yml
      hash: md5
      md5: 85d4df6b2c00e6a114415230c06c702b
      size: 3145
    - path: mlops_rakuten/modules/model_trainer.py
      hash: md5
      md5: 1bb3d4e109371a913fccad7e7d2f68dd
      size: 11365
    - path: mlops_rakuten/pipelines/model_trainer.py
      hash: md5
      md5: ecec1cd4241eb8632f295818058faf98
      size: 888
    params:
      mlops_rakuten/config/config.yml:
        model_trainer:
          model_filename: text_classifier.pkl
          X_train_filename: X_train_tfidf.npz
          y_train_filename: y_train.npy
          model_type: logistic_regression
          C: 1.0
          max_iter: 2000
          use_class_weight: true
    outs:
    - path: models/classification_report_train.txt
      hash: md5
      md5: 84cfce2ea8ce5dc9cd082e4d0a1a110e
      size: 1676
    - path: models/metrics_train.json
      hash: md5
      md5: 5a5fe2c1d6c1be580b05f5392f6089d0
      size: 81
    - path: models/mlflow_run_metadata.json
      hash: md5
      md5: f0ed33539f859bea719783943272747c
      size: 121
    - path: models/model_config.json
      hash: md5
      md5: a6696523f42578cd80fe5ae40bd11241
      size: 266
    - path: models/text_classifier.pkl
      hash: md5
      md5: d955e8fe36129b9fee8a770508c97e82
      size: 4321137
  evaluate:
    cmd: python mlops_rakuten/pipelines/model_evaluation.py
    deps:
    - path: mlops_rakuten/config/config.yml
      hash: md5
      md5: 85d4df6b2c00e6a114415230c06c702b
      size: 3145
    - path: mlops_rakuten/modules/model_evaluation.py
      hash: md5
      md5: 2982171571e48447b740908b59f97fc0
      size: 19529
    - path: mlops_rakuten/pipelines/model_evaluation.py
      hash: md5
      md5: 16bb02f7ff3009c4b105a33ed8e64eef
      size: 992
    - path: models/mlflow_run_metadata.json
      hash: md5
      md5: f0ed33539f859bea719783943272747c
      size: 121
    - path: models/text_classifier.pkl
      hash: md5
      md5: d955e8fe36129b9fee8a770508c97e82
      size: 4321137
    params:
      mlops_rakuten/config/config.yml:
        model_evaluation:
          model_filename: text_classifier.pkl
          X_val_filename: X_val_tfidf.npz
          y_val_filename: y_val.npy
          metrics_filename: metrics_val.json
          classification_report_filename: classification_report_val.txt
          confusion_matrix_filename: confusion_matrix_val.txt
    outs:
    - path: reports/classification_report_val.txt
      hash: md5
      md5: fdbd31b335bb0311de34ce7d76d18afa
      size: 1676
    - path: reports/confusion_matrix_val.txt
      hash: md5
      md5: a6339e49ae8a869a0d7d1be611a25077
      size: 3780
    - path: reports/metrics_val.json
      hash: md5
      md5: 15ca7bf6c279ebb1472cfa8e6e5a529f
      size: 118
